{
  "name": "@glennsl/rescript-fetch",
  "version": "0.3.0",
  "lockfileVersion": 3,
  "requires": true,
  "packages": {
    "": {
      "name": "@glennsl/rescript-fetch",
      "version": "0.3.0",
      "license": "MIT",
      "devDependencies": {
        "rescript": "13.0.0-alpha.6"
      }
    },
    "node_modules/@rescript/darwin-arm64": {
      "version": "13.0.0-alpha.6",
      "resolved": "https://registry.npmjs.org/@rescript/darwin-arm64/-/darwin-arm64-13.0.0-alpha.6.tgz",
      "integrity": "sha512-wb08dh/miY3OGUTCJL/0m8Q9xgDkd5Klh+vi7dAVl1y94g/JgVzxsU6ElB6Bb3baQeXcZW5A8tu5QnAZwwdxdw==",
      "cpu": [
        "arm64"
      ],
      "dev": true,
      "license": "(LGPL-3.0-or-later AND MIT)",
      "optional": true,
      "os": [
        "darwin"
      ],
      "engines": {
        "node": ">=20.11.0"
      }
    },
    "node_modules/@rescript/darwin-x64": {
      "version": "13.0.0-alpha.6",
      "resolved": "https://registry.npmjs.org/@rescript/darwin-x64/-/darwin-x64-13.0.0-alpha.6.tgz",
      "integrity": "sha512-N0QJzzhvBC25zt8FVSRQYSVsM6Pv8OATVANbSZUZBX/wv5HCISgUWTaZ1q0RLHpEvRymalT+kXEZGG6fUvcDCg==",
      "cpu": [
        "x64"
      ],
      "dev": true,
      "license": "(LGPL-3.0-or-later AND MIT)",
      "optional": true,
      "os": [
        "darwin"
      ],
      "engines": {
        "node": ">=20.11.0"
      }
    },
    "node_modules/@rescript/linux-arm64": {
      "version": "13.0.0-alpha.6",
      "resolved": "https://registry.npmjs.org/@rescript/linux-arm64/-/linux-arm64-13.0.0-alpha.6.tgz",
      "integrity": "sha512-/HEgh1Ocsyy//VsQ3e+f0qNIi/9JGqcFCM95bh/Ee0m/8RbswmUtfFjvcs/WLrhSPW9BndkLWBGMRwIYpBkRgQ==",
      "cpu": [
        "arm64"
      ],
      "dev": true,
      "license": "(LGPL-3.0-or-later AND MIT)",
      "optional": true,
      "os": [
        "linux"
      ],
      "engines": {
        "node": ">=20.11.0"
      }
    },
    "node_modules/@rescript/linux-x64": {
      "version": "13.0.0-alpha.6",
      "resolved": "https://registry.npmjs.org/@rescript/linux-x64/-/linux-x64-13.0.0-alpha.6.tgz",
      "integrity": "sha512-kQlCnbUPwyxrC3KGLIR7ASdDKVkDd4hNBD+eD3t/yIIfR6lCs00EeVWbbfHMbs/Rg7TmQvGKkZTgAEQ6IoIhoQ==",
      "cpu": [
        "x64"
      ],
      "dev": true,
      "license": "(LGPL-3.0-or-later AND MIT)",
      "optional": true,
      "os": [
        "linux"
      ],
      "engines": {
        "node": ">=20.11.0"
      }
    },
    "node_modules/@rescript/runtime": {
      "version": "13.0.0-alpha.6",
      "resolved": "https://registry.npmjs.org/@rescript/runtime/-/runtime-13.0.0-alpha.6.tgz",
      "integrity": "sha512-PtIAApHWITR8nX//wh7eMQIdQbyl/Ynhr+oMcyUtQN98mXnU/F5UpGDGAK6QXanDpdVSW6korsqHyDcMtIscEg==",
      "dev": true,
      "license": "MIT"
    },
    "node_modules/@rescript/win32-x64": {
      "version": "13.0.0-alpha.6",
      "resolved": "https://registry.npmjs.org/@rescript/win32-x64/-/win32-x64-13.0.0-alpha.6.tgz",
      "integrity": "sha512-JGHbh8xuRtOPJeE86vzDLqSnL471CeAV3uWacEBCi6K7ZNHZlihCQhEUqWf7ir9gf46xcpnS//8A5L1Baa6Q3w==",
      "cpu": [
        "x64"
      ],
      "dev": true,
      "license": "(LGPL-3.0-or-later AND MIT)",
      "optional": true,
      "os": [
        "win32"
      ],
      "engines": {
        "node": ">=20.11.0"
      }
    },
    "node_modules/rescript": {
      "version": "13.0.0-alpha.6",
      "resolved": "https://registry.npmjs.org/rescript/-/rescript-13.0.0-alpha.6.tgz",
      "integrity": "sha512-8bnerL6UZ11xrbt8VSa2FuFYOW1pyEIx3CGYgVz2tXsG+cVlMPjHaalquLJdZCTdz7ypJJclxAFFuGfH7B+nKg==",
      "dev": true,
      "license": "(LGPL-3.0-or-later AND MIT)",
      "workspaces": [
        "packages/dev-playground",
        "packages/playground",
        "packages/@rescript/*",
        "tests/dependencies/**",
        "tests/analysis_tests/**",
        "tests/docstring_tests",
        "tests/belt_tests",
        "tests/gentype_tests/**",
        "tests/tests",
        "tests/tools_tests",
        "tests/commonjs_tests",
        "scripts/res"
      ],
      "dependencies": {
        "@rescript/runtime": "13.0.0-alpha.6"
      },
      "bin": {
        "bsc": "cli/bsc.js",
        "rescript": "cli/rescript.js",
        "rescript-tools": "cli/rescript-tools.js"
      },
      "engines": {
        "node": ">=22"
      },
      "optionalDependencies": {
        "@rescript/darwin-arm64": "13.0.0-alpha.6",
        "@rescript/darwin-x64": "13.0.0-alpha.6",
        "@rescript/linux-arm64": "13.0.0-alpha.6",
        "@rescript/linux-x64": "13.0.0-alpha.6",
        "@rescript/win32-x64": "13.0.0-alpha.6"
      }
    }
  }
}
